
Microsoft Visual Studio Solution File, Format Version 12.00
# RemObjects Fire
Project("{656346D9-4656-40DA-A068-22D5425D4639}") = "App.Core", "App.Core.elements", "{944FCB9F-F5ED-4CCB-854B-CDDCD1B8D97E}"
EndProject
Global
	GlobalSection(SolutionConfigurationPlatforms) = preSolution
		Debug|AnyCPU = Debug|AnyCPU
		Release|AnyCPU = Release|AnyCPU
	EndGlobalSection
	GlobalSection(ProjectConfigurationPlatforms) = postSolution
		{944FCB9F-F5ED-4CCB-854B-CDDCD1B8D97E}.Debug|AnyCPU.ActiveCfg = Debug|AnyCPU
		{944FCB9F-F5ED-4CCB-854B-CDDCD1B8D97E}.Debug|AnyCPU.Build.0 = Debug|AnyCPU
		{944FCB9F-F5ED-4CCB-854B-CDDCD1B8D97E}.Release|AnyCPU.ActiveCfg = Release|AnyCPU
		{944FCB9F-F5ED-4CCB-854B-CDDCD1B8D97E}.Release|AnyCPU.Build.0 = Release|AnyCPU
	EndGlobalSection
	GlobalSection(SolutionProperties) = preSolution
		HideSolutionNode = FALSE
	EndGlobalSection
EndGlobal